
Microsoft Visual Studio Solution File, Format Version 12.00
# Visual Studio Version 16
VisualStudioVersion = 16.0.30204.135
MinimumVisualStudioVersion = 10.0.40219.1
Project("{9A19103F-16F7-4668-BE54-9A1E7A4F7556}") = "JigsawService", "JigsawService\JigsawService.csproj", "{DDFADF2A-F90B-476B-9B14-E199A8B28A26}"
EndProject
Project("{FAE04EC0-301F-11D3-BF4B-00C04F79EFBC}") = "Sandbox", "Sandbox\Sandbox.csproj", "{20D7C932-C134-4A6B-A14D-8F5AC528AE82}"
EndProject
Global
	GlobalSection(SolutionConfigurationPlatforms) = preSolution
		Debug|Any CPU = Debug|Any CPU
		Release|Any CPU = Release|Any CPU
	EndGlobalSection
	GlobalSection(ProjectConfigurationPlatforms) = postSolution
		{DDFADF2A-F90B-476B-9B14-E199A8B28A26}.Debug|Any CPU.ActiveCfg = Debug|Any CPU
		{DDFADF2A-F90B-476B-9B14-E199A8B28A26}.Debug|Any CPU.Build.0 = Debug|Any CPU
		{DDFADF2A-F90B-476B-9B14-E199A8B28A26}.Release|Any CPU.ActiveCfg = Release|Any CPU
		{DDFADF2A-F90B-476B-9B14-E199A8B28A26}.Release|Any CPU.Build.0 = Release|Any CPU
		{20D7C932-C134-4A6B-A14D-8F5AC528AE82}.Debug|Any CPU.ActiveCfg = Debug|Any CPU
		{20D7C932-C134-4A6B-A14D-8F5AC528AE82}.Debug|Any CPU.Build.0 = Debug|Any CPU
		{20D7C932-C134-4A6B-A14D-8F5AC528AE82}.Release|Any CPU.ActiveCfg = Release|Any CPU
		{20D7C932-C134-4A6B-A14D-8F5AC528AE82}.Release|Any CPU.Build.0 = Release|Any CPU
	EndGlobalSection
	GlobalSection(SolutionProperties) = preSolution
		HideSolutionNode = FALSE
	EndGlobalSection
	GlobalSection(ExtensibilityGlobals) = postSolution
		SolutionGuid = {D029B542-7E7B-415C-80F2-EA6DE12FE42E}
	EndGlobalSection
EndGlobal
